
Microsoft Visual Studio Solution File, Format Version 12.00
# Visual Studio Version 17
VisualStudioVersion = 17.14.36221.1 d17.14
MinimumVisualStudioVersion = 10.0.40219.1
Project("{FAE04EC0-301F-11D3-BF4B-00C04F79EFBC}") = "NAP_F24_ConferenceApp_Server", "NAP_F24_ConferenceApp_Server\NAP_F24_ConferenceApp_Server.csproj", "{045EA756-A8AA-493A-8662-B455B5587569}"
EndProject
Global
	GlobalSection(SolutionConfigurationPlatforms) = preSolution
		Debug|Any CPU = Debug|Any CPU
		Release|Any CPU = Release|Any CPU
	EndGlobalSection
	GlobalSection(ProjectConfigurationPlatforms) = postSolution
		{045EA756-A8AA-493A-8662-B455B5587569}.Debug|Any CPU.ActiveCfg = Debug|Any CPU
		{045EA756-A8AA-493A-8662-B455B5587569}.Debug|Any CPU.Build.0 = Debug|Any CPU
		{045EA756-A8AA-493A-8662-B455B5587569}.Release|Any CPU.ActiveCfg = Release|Any CPU
		{045EA756-A8AA-493A-8662-B455B5587569}.Release|Any CPU.Build.0 = Release|Any CPU
	EndGlobalSection
	GlobalSection(SolutionProperties) = preSolution
		HideSolutionNode = FALSE
	EndGlobalSection
	GlobalSection(ExtensibilityGlobals) = postSolution
		SolutionGuid = {68803825-A43A-430E-BE77-9E7FE0128FE4}
	EndGlobalSection
EndGlobal
